
Microsoft Visual Studio Solution File, Format Version 12.00
# Visual Studio 15
VisualStudioVersion = 15.0.28307.421
MinimumVisualStudioVersion = 10.0.40219.1
Project("{FAE04EC0-301F-11D3-BF4B-00C04F79EFBC}") = "MVC5", "MVC5\MVC5.csproj", "{959D1531-ED02-464E-AC25-D482B9554CAD}"
EndProject
Global
	GlobalSection(SolutionConfigurationPlatforms) = preSolution
		Debug|Any CPU = Debug|Any CPU
		Release|Any CPU = Release|Any CPU
	EndGlobalSection
	GlobalSection(ProjectConfigurationPlatforms) = postSolution
		{959D1531-ED02-464E-AC25-D482B9554CAD}.Debug|Any CPU.ActiveCfg = Debug|Any CPU
		{959D1531-ED02-464E-AC25-D482B9554CAD}.Debug|Any CPU.Build.0 = Debug|Any CPU
		{959D1531-ED02-464E-AC25-D482B9554CAD}.Release|Any CPU.ActiveCfg = Release|Any CPU
		{959D1531-ED02-464E-AC25-D482B9554CAD}.Release|Any CPU.Build.0 = Release|Any CPU
	EndGlobalSection
	GlobalSection(SolutionProperties) = preSolution
		HideSolutionNode = FALSE
	EndGlobalSection
	GlobalSection(ExtensibilityGlobals) = postSolution
		SolutionGuid = {330F2201-DEB9-4BD7-B15B-EA5B23454543}
	EndGlobalSection
EndGlobal
